
Microsoft Visual Studio Solution File, Format Version 12.00
# Visual Studio Version 17
VisualStudioVersion = 17.13.35931.197 d17.13
MinimumVisualStudioVersion = 10.0.40219.1
Project("{FAE04EC0-301F-11D3-BF4B-00C04F79EFBC}") = "Advent16", "Advent16.csproj", "{FDE96D3A-DF72-46B0-BDE5-4F0F7F303076}"
EndProject
Global
	GlobalSection(SolutionConfigurationPlatforms) = preSolution
		Debug|Any CPU = Debug|Any CPU
		Release|Any CPU = Release|Any CPU
	EndGlobalSection
	GlobalSection(ProjectConfigurationPlatforms) = postSolution
		{FDE96D3A-DF72-46B0-BDE5-4F0F7F303076}.Debug|Any CPU.ActiveCfg = Debug|Any CPU
		{FDE96D3A-DF72-46B0-BDE5-4F0F7F303076}.Debug|Any CPU.Build.0 = Debug|Any CPU
		{FDE96D3A-DF72-46B0-BDE5-4F0F7F303076}.Release|Any CPU.ActiveCfg = Release|Any CPU
		{FDE96D3A-DF72-46B0-BDE5-4F0F7F303076}.Release|Any CPU.Build.0 = Release|Any CPU
	EndGlobalSection
	GlobalSection(SolutionProperties) = preSolution
		HideSolutionNode = FALSE
	EndGlobalSection
	GlobalSection(ExtensibilityGlobals) = postSolution
		SolutionGuid = {EBE85F61-B43A-461E-9330-56BC0DD16983}
	EndGlobalSection
EndGlobal
