
Microsoft Visual Studio Solution File, Format Version 12.00
# Visual Studio Version 17
VisualStudioVersion = 17.13.35931.197 d17.13
MinimumVisualStudioVersion = 10.0.40219.1
Project("{FAE04EC0-301F-11D3-BF4B-00C04F79EFBC}") = "advent14", "advent14.csproj", "{FE0FA784-D192-42F7-8E78-FFF7259EE61D}"
EndProject
Global
	GlobalSection(SolutionConfigurationPlatforms) = preSolution
		Debug|Any CPU = Debug|Any CPU
		Release|Any CPU = Release|Any CPU
	EndGlobalSection
	GlobalSection(ProjectConfigurationPlatforms) = postSolution
		{FE0FA784-D192-42F7-8E78-FFF7259EE61D}.Debug|Any CPU.ActiveCfg = Debug|Any CPU
		{FE0FA784-D192-42F7-8E78-FFF7259EE61D}.Debug|Any CPU.Build.0 = Debug|Any CPU
		{FE0FA784-D192-42F7-8E78-FFF7259EE61D}.Release|Any CPU.ActiveCfg = Release|Any CPU
		{FE0FA784-D192-42F7-8E78-FFF7259EE61D}.Release|Any CPU.Build.0 = Release|Any CPU
	EndGlobalSection
	GlobalSection(SolutionProperties) = preSolution
		HideSolutionNode = FALSE
	EndGlobalSection
	GlobalSection(ExtensibilityGlobals) = postSolution
		SolutionGuid = {B4741B81-F1F6-4193-A7DB-6D4E5EE69B49}
	EndGlobalSection
EndGlobal
