
Microsoft Visual Studio Solution File, Format Version 12.00
# Visual Studio Version 17
VisualStudioVersion = 17.13.35931.197 d17.13
MinimumVisualStudioVersion = 10.0.40219.1
Project("{FAE04EC0-301F-11D3-BF4B-00C04F79EFBC}") = "advent8", "advent8.csproj", "{CBF0A954-2044-4112-848D-521D23FED0AD}"
EndProject
Global
	GlobalSection(SolutionConfigurationPlatforms) = preSolution
		Debug|Any CPU = Debug|Any CPU
		Release|Any CPU = Release|Any CPU
	EndGlobalSection
	GlobalSection(ProjectConfigurationPlatforms) = postSolution
		{CBF0A954-2044-4112-848D-521D23FED0AD}.Debug|Any CPU.ActiveCfg = Debug|Any CPU
		{CBF0A954-2044-4112-848D-521D23FED0AD}.Debug|Any CPU.Build.0 = Debug|Any CPU
		{CBF0A954-2044-4112-848D-521D23FED0AD}.Release|Any CPU.ActiveCfg = Release|Any CPU
		{CBF0A954-2044-4112-848D-521D23FED0AD}.Release|Any CPU.Build.0 = Release|Any CPU
	EndGlobalSection
	GlobalSection(SolutionProperties) = preSolution
		HideSolutionNode = FALSE
	EndGlobalSection
	GlobalSection(ExtensibilityGlobals) = postSolution
		SolutionGuid = {DB58ADEB-79B0-496A-8156-FC5FFD5BF8E7}
	EndGlobalSection
EndGlobal
