
Microsoft Visual Studio Solution File, Format Version 12.00
# Visual Studio Version 17
VisualStudioVersion = 17.13.35931.197 d17.13
MinimumVisualStudioVersion = 10.0.40219.1
Project("{FAE04EC0-301F-11D3-BF4B-00C04F79EFBC}") = "Advent2", "Advent2.csproj", "{F7785444-8843-4B8C-8187-F00FC21C007B}"
EndProject
Global
	GlobalSection(SolutionConfigurationPlatforms) = preSolution
		Debug|Any CPU = Debug|Any CPU
		Release|Any CPU = Release|Any CPU
	EndGlobalSection
	GlobalSection(ProjectConfigurationPlatforms) = postSolution
		{F7785444-8843-4B8C-8187-F00FC21C007B}.Debug|Any CPU.ActiveCfg = Debug|Any CPU
		{F7785444-8843-4B8C-8187-F00FC21C007B}.Debug|Any CPU.Build.0 = Debug|Any CPU
		{F7785444-8843-4B8C-8187-F00FC21C007B}.Release|Any CPU.ActiveCfg = Release|Any CPU
		{F7785444-8843-4B8C-8187-F00FC21C007B}.Release|Any CPU.Build.0 = Release|Any CPU
	EndGlobalSection
	GlobalSection(SolutionProperties) = preSolution
		HideSolutionNode = FALSE
	EndGlobalSection
	GlobalSection(ExtensibilityGlobals) = postSolution
		SolutionGuid = {92B00020-AAC7-414C-83B9-B64B0E4C9751}
	EndGlobalSection
EndGlobal
