
Microsoft Visual Studio Solution File, Format Version 12.00
# Visual Studio Version 17
VisualStudioVersion = 17.13.35931.197 d17.13
MinimumVisualStudioVersion = 10.0.40219.1
Project("{FAE04EC0-301F-11D3-BF4B-00C04F79EFBC}") = "Advent18", "Advent18.csproj", "{3BA0C78E-6B3B-4BAD-A7EA-7B50C4555818}"
EndProject
Global
	GlobalSection(SolutionConfigurationPlatforms) = preSolution
		Debug|Any CPU = Debug|Any CPU
		Release|Any CPU = Release|Any CPU
	EndGlobalSection
	GlobalSection(ProjectConfigurationPlatforms) = postSolution
		{3BA0C78E-6B3B-4BAD-A7EA-7B50C4555818}.Debug|Any CPU.ActiveCfg = Debug|Any CPU
		{3BA0C78E-6B3B-4BAD-A7EA-7B50C4555818}.Debug|Any CPU.Build.0 = Debug|Any CPU
		{3BA0C78E-6B3B-4BAD-A7EA-7B50C4555818}.Release|Any CPU.ActiveCfg = Release|Any CPU
		{3BA0C78E-6B3B-4BAD-A7EA-7B50C4555818}.Release|Any CPU.Build.0 = Release|Any CPU
	EndGlobalSection
	GlobalSection(SolutionProperties) = preSolution
		HideSolutionNode = FALSE
	EndGlobalSection
	GlobalSection(ExtensibilityGlobals) = postSolution
		SolutionGuid = {273F29B0-EADD-44CE-9F9A-34E95EAA053D}
	EndGlobalSection
EndGlobal
