
Microsoft Visual Studio Solution File, Format Version 12.00
# Visual Studio Version 17
VisualStudioVersion = 17.13.35931.197 d17.13
MinimumVisualStudioVersion = 10.0.40219.1
Project("{FAE04EC0-301F-11D3-BF4B-00C04F79EFBC}") = "Advent12", "Advent12.csproj", "{600E8CC5-6336-457C-BC61-765994E29B2B}"
EndProject
Global
	GlobalSection(SolutionConfigurationPlatforms) = preSolution
		Debug|Any CPU = Debug|Any CPU
		Release|Any CPU = Release|Any CPU
	EndGlobalSection
	GlobalSection(ProjectConfigurationPlatforms) = postSolution
		{600E8CC5-6336-457C-BC61-765994E29B2B}.Debug|Any CPU.ActiveCfg = Debug|Any CPU
		{600E8CC5-6336-457C-BC61-765994E29B2B}.Debug|Any CPU.Build.0 = Debug|Any CPU
		{600E8CC5-6336-457C-BC61-765994E29B2B}.Release|Any CPU.ActiveCfg = Release|Any CPU
		{600E8CC5-6336-457C-BC61-765994E29B2B}.Release|Any CPU.Build.0 = Release|Any CPU
	EndGlobalSection
	GlobalSection(SolutionProperties) = preSolution
		HideSolutionNode = FALSE
	EndGlobalSection
	GlobalSection(ExtensibilityGlobals) = postSolution
		SolutionGuid = {EA90670C-BA75-446F-BFA4-D80B5ADF3904}
	EndGlobalSection
EndGlobal
